
Microsoft Visual Studio Solution File, Format Version 12.00
# Visual Studio Version 17
VisualStudioVersion = 17.10.35122.118
MinimumVisualStudioVersion = 10.0.40219.1
Project("{9A19103F-16F7-4668-BE54-9A1E7A4F7556}") = "ProtobufTest.Client", "ProtobufTest.Client\ProtobufTest.Client.csproj", "{B8121B32-5844-45FF-8645-5DB5F5781BB7}"
EndProject
Project("{2150E333-8FDC-42A3-9474-1A3956D46DE8}") = "ProtobufTest.Server", "ProtobufTest.Server", "{08FF036E-74A7-4B49-8E0C-B82B4DAB5349}"
EndProject
Project("{9A19103F-16F7-4668-BE54-9A1E7A4F7556}") = "ProtobufTest.Server.Contracts", "ProtobufTest.Server\ProtobufTest.Server.Contracts\ProtobufTest.Server.Contracts.csproj", "{9863B4FE-E949-4124-A893-1FD05073BE79}"
EndProject
Project("{FAE04EC0-301F-11D3-BF4B-00C04F79EFBC}") = "ProtobufTest.Server.GrpcService", "ProtobufTest.Server\ProtobufTest.Server.GrpcService\ProtobufTest.Server.GrpcService.csproj", "{83AFC0C5-BAA6-485D-BCAC-56946F433E80}"
EndProject
Global
	GlobalSection(SolutionConfigurationPlatforms) = preSolution
		Debug|Any CPU = Debug|Any CPU
		Release|Any CPU = Release|Any CPU
	EndGlobalSection
	GlobalSection(ProjectConfigurationPlatforms) = postSolution
		{B8121B32-5844-45FF-8645-5DB5F5781BB7}.Debug|Any CPU.ActiveCfg = Debug|Any CPU
		{B8121B32-5844-45FF-8645-5DB5F5781BB7}.Debug|Any CPU.Build.0 = Debug|Any CPU
		{B8121B32-5844-45FF-8645-5DB5F5781BB7}.Release|Any CPU.ActiveCfg = Release|Any CPU
		{B8121B32-5844-45FF-8645-5DB5F5781BB7}.Release|Any CPU.Build.0 = Release|Any CPU
		{9863B4FE-E949-4124-A893-1FD05073BE79}.Debug|Any CPU.ActiveCfg = Debug|Any CPU
		{9863B4FE-E949-4124-A893-1FD05073BE79}.Debug|Any CPU.Build.0 = Debug|Any CPU
		{9863B4FE-E949-4124-A893-1FD05073BE79}.Release|Any CPU.ActiveCfg = Release|Any CPU
		{9863B4FE-E949-4124-A893-1FD05073BE79}.Release|Any CPU.Build.0 = Release|Any CPU
		{83AFC0C5-BAA6-485D-BCAC-56946F433E80}.Debug|Any CPU.ActiveCfg = Debug|Any CPU
		{83AFC0C5-BAA6-485D-BCAC-56946F433E80}.Debug|Any CPU.Build.0 = Debug|Any CPU
		{83AFC0C5-BAA6-485D-BCAC-56946F433E80}.Release|Any CPU.ActiveCfg = Release|Any CPU
		{83AFC0C5-BAA6-485D-BCAC-56946F433E80}.Release|Any CPU.Build.0 = Release|Any CPU
	EndGlobalSection
	GlobalSection(SolutionProperties) = preSolution
		HideSolutionNode = FALSE
	EndGlobalSection
	GlobalSection(NestedProjects) = preSolution
		{9863B4FE-E949-4124-A893-1FD05073BE79} = {08FF036E-74A7-4B49-8E0C-B82B4DAB5349}
		{83AFC0C5-BAA6-485D-BCAC-56946F433E80} = {08FF036E-74A7-4B49-8E0C-B82B4DAB5349}
	EndGlobalSection
	GlobalSection(ExtensibilityGlobals) = postSolution
		SolutionGuid = {0EBE5AC2-DDD1-46AE-95C8-81370CE47E36}
	EndGlobalSection
EndGlobal
